
Microsoft Visual Studio Solution File, Format Version 12.00
# Visual Studio 15
VisualStudioVersion = 15.0.28307.421
MinimumVisualStudioVersion = 10.0.40219.1
Project("{8BC9CEB8-8B4A-11D0-8D11-00A0C91BC942}") = "NeuroNet", "NeuroNet\NeuroNet.vcxproj", "{5B2EE9A5-04E7-4C02-8837-F10AC60FFD20}"
EndProject
Global
	GlobalSection(SolutionConfigurationPlatforms) = preSolution
		Debug|x64 = Debug|x64
		Debug|x86 = Debug|x86
		Release|x64 = Release|x64
		Release|x86 = Release|x86
	EndGlobalSection
	GlobalSection(ProjectConfigurationPlatforms) = postSolution
		{5B2EE9A5-04E7-4C02-8837-F10AC60FFD20}.Debug|x64.ActiveCfg = Debug|x64
		{5B2EE9A5-04E7-4C02-8837-F10AC60FFD20}.Debug|x64.Build.0 = Debug|x64
		{5B2EE9A5-04E7-4C02-8837-F10AC60FFD20}.Debug|x86.ActiveCfg = Debug|Win32
		{5B2EE9A5-04E7-4C02-8837-F10AC60FFD20}.Debug|x86.Build.0 = Debug|Win32
		{5B2EE9A5-04E7-4C02-8837-F10AC60FFD20}.Release|x64.ActiveCfg = Release|x64
		{5B2EE9A5-04E7-4C02-8837-F10AC60FFD20}.Release|x64.Build.0 = Release|x64
		{5B2EE9A5-04E7-4C02-8837-F10AC60FFD20}.Release|x86.ActiveCfg = Release|Win32
		{5B2EE9A5-04E7-4C02-8837-F10AC60FFD20}.Release|x86.Build.0 = Release|Win32
	EndGlobalSection
	GlobalSection(SolutionProperties) = preSolution
		HideSolutionNode = FALSE
	EndGlobalSection
	GlobalSection(ExtensibilityGlobals) = postSolution
		SolutionGuid = {CC0B1737-3188-4830-9C1F-1163321348A6}
	EndGlobalSection
EndGlobal
